
Microsoft Visual Studio Solution File, Format Version 12.00
Project("{FAE04EC0-301F-11D3-BF4B-00C04F79EFBC}") = "twitter-showcase", "twitter-showcase\twitter-showcase.csproj", "{F4C3E190-F9E2-4700-85A0-AF1B8C2A81B3}"
EndProject
Global
	GlobalSection(SolutionConfigurationPlatforms) = preSolution
		Debug|Any CPU = Debug|Any CPU
		Release|Any CPU = Release|Any CPU
	EndGlobalSection
	GlobalSection(ProjectConfigurationPlatforms) = postSolution
		{F4C3E190-F9E2-4700-85A0-AF1B8C2A81B3}.Debug|Any CPU.ActiveCfg = Debug|Any CPU
		{F4C3E190-F9E2-4700-85A0-AF1B8C2A81B3}.Debug|Any CPU.Build.0 = Debug|Any CPU
		{F4C3E190-F9E2-4700-85A0-AF1B8C2A81B3}.Release|Any CPU.ActiveCfg = Release|Any CPU
		{F4C3E190-F9E2-4700-85A0-AF1B8C2A81B3}.Release|Any CPU.Build.0 = Release|Any CPU
	EndGlobalSection
EndGlobal
