
Microsoft Visual Studio Solution File, Format Version 12.00
Project("{FAE04EC0-301F-11D3-BF4B-00C04F79EFBC}") = "twitter-showcase-server", "twitter-showcase-server\twitter-showcase-server.csproj", "{48B8AA72-896E-4DC7-930C-17A09FBA4C44}"
EndProject
Global
	GlobalSection(SolutionConfigurationPlatforms) = preSolution
		Debug|Any CPU = Debug|Any CPU
		Release|Any CPU = Release|Any CPU
	EndGlobalSection
	GlobalSection(ProjectConfigurationPlatforms) = postSolution
		{48B8AA72-896E-4DC7-930C-17A09FBA4C44}.Debug|Any CPU.ActiveCfg = Debug|Any CPU
		{48B8AA72-896E-4DC7-930C-17A09FBA4C44}.Debug|Any CPU.Build.0 = Debug|Any CPU
		{48B8AA72-896E-4DC7-930C-17A09FBA4C44}.Release|Any CPU.ActiveCfg = Release|Any CPU
		{48B8AA72-896E-4DC7-930C-17A09FBA4C44}.Release|Any CPU.Build.0 = Release|Any CPU
	EndGlobalSection
EndGlobal
